
Microsoft Visual Studio Solution File, Format Version 12.00
# Visual Studio Version 17
VisualStudioVersion = 17.11.35208.52
MinimumVisualStudioVersion = 10.0.40219.1
Project("{FAE04EC0-301F-11D3-BF4B-00C04F79EFBC}") = "StatusInfo", "StatusInfo\StatusInfo.csproj", "{04D0972A-B6D1-43B1-BDB3-7708D53C8C1D}"
EndProject
Global
	GlobalSection(SolutionConfigurationPlatforms) = preSolution
		Debug|Any CPU = Debug|Any CPU
		Release|Any CPU = Release|Any CPU
	EndGlobalSection
	GlobalSection(ProjectConfigurationPlatforms) = postSolution
		{04D0972A-B6D1-43B1-BDB3-7708D53C8C1D}.Debug|Any CPU.ActiveCfg = Debug|Any CPU
		{04D0972A-B6D1-43B1-BDB3-7708D53C8C1D}.Debug|Any CPU.Build.0 = Debug|Any CPU
		{04D0972A-B6D1-43B1-BDB3-7708D53C8C1D}.Release|Any CPU.ActiveCfg = Release|Any CPU
		{04D0972A-B6D1-43B1-BDB3-7708D53C8C1D}.Release|Any CPU.Build.0 = Release|Any CPU
	EndGlobalSection
	GlobalSection(SolutionProperties) = preSolution
		HideSolutionNode = FALSE
	EndGlobalSection
	GlobalSection(ExtensibilityGlobals) = postSolution
		SolutionGuid = {7127C611-7262-40B4-B337-09FA338C8E82}
	EndGlobalSection
EndGlobal
